
Microsoft Visual Studio Solution File, Format Version 12.00
# Visual Studio Version 16
VisualStudioVersion = 16.0.31702.278
MinimumVisualStudioVersion = 10.0.40219.1
Project("{FAE04EC0-301F-11D3-BF4B-00C04F79EFBC}") = "Applied tasks", "Applied tasks\Applied tasks.csproj", "{A86F6BFF-A6B4-4B36-ACBC-24AB9793503D}"
EndProject
Global
	GlobalSection(SolutionConfigurationPlatforms) = preSolution
		Debug|Any CPU = Debug|Any CPU
		Release|Any CPU = Release|Any CPU
	EndGlobalSection
	GlobalSection(ProjectConfigurationPlatforms) = postSolution
		{A86F6BFF-A6B4-4B36-ACBC-24AB9793503D}.Debug|Any CPU.ActiveCfg = Debug|Any CPU
		{A86F6BFF-A6B4-4B36-ACBC-24AB9793503D}.Debug|Any CPU.Build.0 = Debug|Any CPU
		{A86F6BFF-A6B4-4B36-ACBC-24AB9793503D}.Release|Any CPU.ActiveCfg = Release|Any CPU
		{A86F6BFF-A6B4-4B36-ACBC-24AB9793503D}.Release|Any CPU.Build.0 = Release|Any CPU
	EndGlobalSection
	GlobalSection(SolutionProperties) = preSolution
		HideSolutionNode = FALSE
	EndGlobalSection
	GlobalSection(ExtensibilityGlobals) = postSolution
		SolutionGuid = {FF86D478-FEA1-426C-9EC3-D1015F2ED742}
	EndGlobalSection
EndGlobal
